github.com/ivanizag/iz6502 v1.2.1 h1:nwrKzSKVhG9mO6kUE68o07aX6Qn5AuA6WFm4twCx8mA=
github.com/ivanizag/iz6502 v1.2.1/go.mod h1:h4gbw3IK6WCYawi00kBhQ4ACeQkGWgqbUeAgDaQpy6s=
github.com/mattn/go-runewidth v0.0.3 h1:a+kO+98RDGEfo6asOGMmpodZq4FNtnGP54yps8BzLR4=
github.com/mattn/go-runewidth v0.0.3/go.mod h1:LwmH8dsx7+W8Uxz3IHJYH5QSwggIsqBzpuz5H//U1FU=
github.com/mattn/go-runewidth v0.0.13 h1:lTGmDsbAYt5DmK6OnoV7EuIF1wEIFAcxld6ypU4OSgU=
github.com/mattn/go-runewidth v0.0.13/go.mod h1:Jdepj2loyihRzMpdS35Xk/zdY8IAYHsh153qUoGf23w=
github.com/peterh/liner v1.2.2 h1:aJ4AOodmL+JxOZZEL2u9iJf8omNRpqHc/EbrK+3mAXw=
github.com/peterh/liner v1.2.2/go.mod h1:xFwJyiKIXJZUKItq5dGHZSTBRAuG/CpeNpWLyiNRNwI=
github.com/pkg/profile v1.6.0 h1:hUDfIISABYI59DyeB3OTay/HxSRwTQ8rB/H83k6r5dM=
github.com/pkg/profile v1.6.0/go.mod h1:qBsxPvzyUincmltOk6iyRVxHYg4adc0OFOv72ZdLa18=
github.com/rivo/uniseg v0.2.0/go.mod h1:J6wj4VEh+S6ZtnVlnTBMWIodfgj8LQOQFoIToxlJtxc=
github.com/rivo/uniseg v0.3.4 h1:3Z3Eu6FGHZWSfNKJTOUiPatWwfc7DzJRU04jFUqJODw=
github.com/rivo/uniseg v0.3.4/go.mod h1:FN3SvrM+Zdj16jyLfmOkMNblXMcoc8DfTHruCPUcx88=
golang.org/x/sys v0.0.0-20211117180635-dee7805ff2e1 h1:kwrAHlwJ0DUBZwQ238v+Uod/3eZ8B2K5rYsUHBQvzmI=
golang.org/x/sys v0.0.0-20211117180635-dee7805ff2e1/go.mod h1:oPkhp1MJrh7nUepCBck5+mAzfO9JrbApNNgaTdGDITg=
golang.org/x/sys v0.0.0-20220808155132-1c4a2a72c664 h1:v1W7bwXHsnLLloWYTVEdvGvA7BHMeBYsPcF0GLDxIRs=
golang.org/x/sys v0.0.0-20220808155132-1c4a2a72c664/go.mod h1:oPkhp1MJrh7nUepCBck5+mAzfO9JrbApNNgaTdGDITg=
